// !$*UTF8*$!
{
	archiveVersion = 1;
	classes = {
	};
	objectVersion = 50;
	objects = {

/* Begin PBXBuildFile section */
		8AFE55BB25ECE554001941DD /* AppDelegate.swift in Sources */ = {isa = PBXBuildFile; fileRef = 8AFE55BA25ECE554001941DD /* AppDelegate.swift */; };
		8AFE55BD25ECE554001941DD /* SceneDelegate.swift in Sources */ = {isa = PBXBuildFile; fileRef = 8AFE55BC25ECE554001941DD /* SceneDelegate.swift */; };
		8AFE55BF25ECE554001941DD /* ViewController.swift in Sources */ = {isa = PBXBuildFile; fileRef = 8AFE55BE25ECE554001941DD /* ViewController.swift */; };
		8AFE55C225ECE554001941DD /* Main.storyboard in Resources */ = {isa = PBXBuildFile; fileRef = 8AFE55C025ECE554001941DD /* Main.storyboard */; };
		8AFE55C425ECE556001941DD /* Assets.xcassets in Resources */ = {isa = PBXBuildFile; fileRef = 8AFE55C325ECE556001941DD /* Assets.xcassets */; };
		8AFE55C725ECE556001941DD /* LaunchScreen.storyboard in Resources */ = {isa = PBXBuildFile; fileRef = 8AFE55C525ECE556001941DD /* LaunchScreen.storyboard */; };
		8AFE55E525ECE6AD001941DD /* MediaMonksApp.swift in Sources */ = {isa = PBXBuildFile; fileRef = 8AFE55E425ECE6AD001941DD /* MediaMonksApp.swift */; };
		D159E0B652EE69ACEAE33E74 /* Pods_MediaMonks.framework in Frameworks */ = {isa = PBXBuildFile; fileRef = D3C086C8950F082A7669338F /* Pods_MediaMonks.framework */; };
/* End PBXBuildFile section */

/* Begin PBXFileReference section */
		1EC744A4573744FE97464BB1 /* Pods-MediaMonks.debug.xcconfig */ = {isa = PBXFileReference; includeInIndex = 1; lastKnownFileType = text.xcconfig; name = "Pods-MediaMonks.debug.xcconfig"; path = "Target Support Files/Pods-MediaMonks/Pods-MediaMonks.debug.xcconfig"; sourceTree = "<group>"; };
		8AFE55B725ECE554001941DD /* MediaMonks.app */ = {isa = PBXFileReference; explicitFileType = wrapper.application; includeInIndex = 0; path = MediaMonks.app; sourceTree = BUILT_PRODUCTS_DIR; };
		8AFE55BA25ECE554001941DD /* AppDelegate.swift */ = {isa = PBXFileReference; lastKnownFileType = sourcecode.swift; path = AppDelegate.swift; sourceTree = "<group>"; };
		8AFE55BC25ECE554001941DD /* SceneDelegate.swift */ = {isa = PBXFileReference; lastKnownFileType = sourcecode.swift; path = SceneDelegate.swift; sourceTree = "<group>"; };
		8AFE55BE25ECE554001941DD /* ViewController.swift */ = {isa = PBXFileReference; lastKnownFileType = sourcecode.swift; path = ViewController.swift; sourceTree = "<group>"; };
		8AFE55C125ECE554001941DD /* Base */ = {isa = PBXFileReference; lastKnownFileType = file.storyboard; name = Base; path = Base.lproj/Main.storyboard; sourceTree = "<group>"; };
		8AFE55C325ECE556001941DD /* Assets.xcassets */ = {isa = PBXFileReference; lastKnownFileType = folder.assetcatalog; path = Assets.xcassets; sourceTree = "<group>"; };
		8AFE55C625ECE556001941DD /* Base */ = {isa = PBXFileReference; lastKnownFileType = file.storyboard; name = Base; path = Base.lproj/LaunchScreen.storyboard; sourceTree = "<group>"; };
		8AFE55C825ECE556001941DD /* Info.plist */ = {isa = PBXFileReference; lastKnownFileType = text.plist.xml; path = Info.plist; sourceTree = "<group>"; };
		8AFE55E425ECE6AD001941DD /* MediaMonksApp.swift */ = {isa = PBXFileReference; lastKnownFileType = sourcecode.swift; path = MediaMonksApp.swift; sourceTree = "<group>"; };
		BB2D6139798CBBC74CF28B20 /* Pods-MediaMonks.release.xcconfig */ = {isa = PBXFileReference; includeInIndex = 1; lastKnownFileType = text.xcconfig; name = "Pods-MediaMonks.release.xcconfig"; path = "Target Support Files/Pods-MediaMonks/Pods-MediaMonks.release.xcconfig"; sourceTree = "<group>"; };
		D3C086C8950F082A7669338F /* Pods_MediaMonks.framework */ = {isa = PBXFileReference; explicitFileType = wrapper.framework; includeInIndex = 0; path = Pods_MediaMonks.framework; sourceTree = BUILT_PRODUCTS_DIR; };
/* End PBXFileReference section */

/* Begin PBXFrameworksBuildPhase section */
		8AFE55B425ECE554001941DD /* Frameworks */ = {
			isa = PBXFrameworksBuildPhase;
			buildActionMask = 2147483647;
			files = (
				D159E0B652EE69ACEAE33E74 /* Pods_MediaMonks.framework in Frameworks */,
			);
			runOnlyForDeploymentPostprocessing = 0;
		};
/* End PBXFrameworksBuildPhase section */

/* Begin PBXGroup section */
		8AFE55AE25ECE554001941DD = {
			isa = PBXGroup;
			children = (
				8AFE55B925ECE554001941DD /* MediaMonks */,
				8AFE55B825ECE554001941DD /* Products */,
				B90C12DD8D32861CCFC3EAAC /* Pods */,
				C6C249B3B38D5898F64F7230 /* Frameworks */,
			);
			sourceTree = "<group>";
		};
		8AFE55B825ECE554001941DD /* Products */ = {
			isa = PBXGroup;
			children = (
				8AFE55B725ECE554001941DD /* MediaMonks.app */,
			);
			name = Products;
			sourceTree = "<group>";
		};
		8AFE55B925ECE554001941DD /* MediaMonks */ = {
			isa = PBXGroup;
			children = (
				8AFE55CF25ECE63E001941DD /* App */,
				8AFE55D125ECE64E001941DD /* Protocols */,
				8AFE55D225ECE655001941DD /* Networking */,
				8AFE55D325ECE65A001941DD /* Storyboards */,
				8AFE55D425ECE65E001941DD /* Scenes */,
				8AFE55BA25ECE554001941DD /* AppDelegate.swift */,
				8AFE55BC25ECE554001941DD /* SceneDelegate.swift */,
				8AFE55BE25ECE554001941DD /* ViewController.swift */,
				8AFE55C025ECE554001941DD /* Main.storyboard */,
				8AFE55C325ECE556001941DD /* Assets.xcassets */,
				8AFE55C525ECE556001941DD /* LaunchScreen.storyboard */,
				8AFE55C825ECE556001941DD /* Info.plist */,
			);
			path = MediaMonks;
			sourceTree = "<group>";
		};
		8AFE55CF25ECE63E001941DD /* App */ = {
			isa = PBXGroup;
			children = (
				8AFE55E425ECE6AD001941DD /* MediaMonksApp.swift */,
			);
			path = App;
			sourceTree = "<group>";
		};
		8AFE55D125ECE64E001941DD /* Protocols */ = {
			isa = PBXGroup;
			children = (
			);
			path = Protocols;
			sourceTree = "<group>";
		};
		8AFE55D225ECE655001941DD /* Networking */ = {
			isa = PBXGroup;
			children = (
			);
			path = Networking;
			sourceTree = "<group>";
		};
		8AFE55D325ECE65A001941DD /* Storyboards */ = {
			isa = PBXGroup;
			children = (
			);
			path = Storyboards;
			sourceTree = "<group>";
		};
		8AFE55D425ECE65E001941DD /* Scenes */ = {
			isa = PBXGroup;
			children = (
			);
			path = Scenes;
			sourceTree = "<group>";
		};
		B90C12DD8D32861CCFC3EAAC /* Pods */ = {
			isa = PBXGroup;
			children = (
				1EC744A4573744FE97464BB1 /* Pods-MediaMonks.debug.xcconfig */,
				BB2D6139798CBBC74CF28B20 /* Pods-MediaMonks.release.xcconfig */,
			);
			name = Pods;
			path = Pods;
			sourceTree = "<group>";
		};
		C6C249B3B38D5898F64F7230 /* Frameworks */ = {
			isa = PBXGroup;
			children = (
				D3C086C8950F082A7669338F /* Pods_MediaMonks.framework */,
			);
			name = Frameworks;
			sourceTree = "<group>";
		};
/* End PBXGroup section */

/* Begin PBXNativeTarget section */
		8AFE55B625ECE554001941DD /* MediaMonks */ = {
			isa = PBXNativeTarget;
			buildConfigurationList = 8AFE55CB25ECE556001941DD /* Build configuration list for PBXNativeTarget "MediaMonks" */;
			buildPhases = (
				7BCD9C5E702E14C121176A72 /* [CP] Check Pods Manifest.lock */,
				8AFE55B325ECE554001941DD /* Sources */,
				8AFE55B425ECE554001941DD /* Frameworks */,
				8AFE55B525ECE554001941DD /* Resources */,
				45B8E9BCBBA6B5350964F166 /* [CP] Embed Pods Frameworks */,
			);
			buildRules = (
			);
			dependencies = (
			);
			name = MediaMonks;
			productName = MediaMonks;
			productReference = 8AFE55B725ECE554001941DD /* MediaMonks.app */;
			productType = "com.apple.product-type.application";
		};
/* End PBXNativeTarget section */

/* Begin PBXProject section */
		8AFE55AF25ECE554001941DD /* Project object */ = {
			isa = PBXProject;
			attributes = {
				LastSwiftUpdateCheck = 1240;
				LastUpgradeCheck = 1240;
				TargetAttributes = {
					8AFE55B625ECE554001941DD = {
						CreatedOnToolsVersion = 12.4;
					};
				};
			};
			buildConfigurationList = 8AFE55B225ECE554001941DD /* Build configuration list for PBXProject "MediaMonks" */;
			compatibilityVersion = "Xcode 9.3";
			developmentRegion = en;
			hasScannedForEncodings = 0;
			knownRegions = (
				en,
				Base,
			);
			mainGroup = 8AFE55AE25ECE554001941DD;
			productRefGroup = 8AFE55B825ECE554001941DD /* Products */;
			projectDirPath = "";
			projectRoot = "";
			targets = (
				8AFE55B625ECE554001941DD /* MediaMonks */,
			);
		};
/* End PBXProject section */

/* Begin PBXResourcesBuildPhase section */
		8AFE55B525ECE554001941DD /* Resources */ = {
			isa = PBXResourcesBuildPhase;
			buildActionMask = 2147483647;
			files = (
				8AFE55C725ECE556001941DD /* LaunchScreen.storyboard in Resources */,
				8AFE55C425ECE556001941DD /* Assets.xcassets in Resources */,
				8AFE55C225ECE554001941DD /* Main.storyboard in Resources */,
			);
			runOnlyForDeploymentPostprocessing = 0;
		};
/* End PBXResourcesBuildPhase section */

/* Begin PBXShellScriptBuildPhase section */
		45B8E9BCBBA6B5350964F166 /* [CP] Embed Pods Frameworks */ = {
			isa = PBXShellScriptBuildPhase;
			buildActionMask = 2147483647;
			files = (
			);
			inputFileListPaths = (
				"${PODS_ROOT}/Target Support Files/Pods-MediaMonks/Pods-MediaMonks-frameworks-${CONFIGURATION}-input-files.xcfilelist",
			);
			name = "[CP] Embed Pods Frameworks";
			outputFileListPaths = (
				"${PODS_ROOT}/Target Support Files/Pods-MediaMonks/Pods-MediaMonks-frameworks-${CONFIGURATION}-output-files.xcfilelist",
			);
			runOnlyForDeploymentPostprocessing = 0;
			shellPath = /bin/sh;
			shellScript = "\"${PODS_ROOT}/Target Support Files/Pods-MediaMonks/Pods-MediaMonks-frameworks.sh\"\n";
			showEnvVarsInLog = 0;
		};
		7BCD9C5E702E14C121176A72 /* [CP] Check Pods Manifest.lock */ = {
			isa = PBXShellScriptBuildPhase;
			buildActionMask = 2147483647;
			files = (
			);
			inputFileListPaths = (
			);
			inputPaths = (
				"${PODS_PODFILE_DIR_PATH}/Podfile.lock",
				"${PODS_ROOT}/Manifest.lock",
			);
			name = "[CP] Check Pods Manifest.lock";
			outputFileListPaths = (
			);
			outputPaths = (
				"$(DERIVED_FILE_DIR)/Pods-MediaMonks-checkManifestLockResult.txt",
			);
			runOnlyForDeploymentPostprocessing = 0;
			shellPath = /bin/sh;
			shellScript = "diff \"${PODS_PODFILE_DIR_PATH}/Podfile.lock\" \"${PODS_ROOT}/Manifest.lock\" > /dev/null\nif [ $? != 0 ] ; then\n    # print error to STDERR\n    echo \"error: The sandbox is not in sync with the Podfile.lock. Run 'pod install' or update your CocoaPods installation.\" >&2\n    exit 1\nfi\n# This output is used by Xcode 'outputs' to avoid re-running this script phase.\necho \"SUCCESS\" > \"${SCRIPT_OUTPUT_FILE_0}\"\n";
			showEnvVarsInLog = 0;
		};
/* End PBXShellScriptBuildPhase section */

/* Begin PBXSourcesBuildPhase section */
		8AFE55B325ECE554001941DD /* Sources */ = {
			isa = PBXSourcesBuildPhase;
			buildActionMask = 2147483647;
			files = (
				8AFE55BF25ECE554001941DD /* ViewController.swift in Sources */,
				8AFE55BB25ECE554001941DD /* AppDelegate.swift in Sources */,
				8AFE55BD25ECE554001941DD /* SceneDelegate.swift in Sources */,
				8AFE55E525ECE6AD001941DD /* MediaMonksApp.swift in Sources */,
			);
			runOnlyForDeploymentPostprocessing = 0;
		};
/* End PBXSourcesBuildPhase section */

/* Begin PBXVariantGroup section */
		8AFE55C025ECE554001941DD /* Main.storyboard */ = {
			isa = PBXVariantGroup;
			children = (
				8AFE55C125ECE554001941DD /* Base */,
			);
			name = Main.storyboard;
			sourceTree = "<group>";
		};
		8AFE55C525ECE556001941DD /* LaunchScreen.storyboard */ = {
			isa = PBXVariantGroup;
			children = (
				8AFE55C625ECE556001941DD /* Base */,
			);
			name = LaunchScreen.storyboard;
			sourceTree = "<group>";
		};
/* End PBXVariantGroup section */

/* Begin XCBuildConfiguration section */
		8AFE55C925ECE556001941DD /* Debug */ = {
			isa = XCBuildConfiguration;
			buildSettings = {
				ALWAYS_SEARCH_USER_PATHS = NO;
				CLANG_ANALYZER_NONNULL = YES;
				CLANG_ANALYZER_NUMBER_OBJECT_CONVERSION = YES_AGGRESSIVE;
				CLANG_CXX_LANGUAGE_STANDARD = "gnu++14";
				CLANG_CXX_LIBRARY = "libc++";
				CLANG_ENABLE_MODULES = YES;
				CLANG_ENABLE_OBJC_ARC = YES;
				CLANG_ENABLE_OBJC_WEAK = YES;
				CLANG_WARN_BLOCK_CAPTURE_AUTORELEASING = YES;
				CLANG_WARN_BOOL_CONVERSION = YES;
				CLANG_WARN_COMMA = YES;
				CLANG_WARN_CONSTANT_CONVERSION = YES;
				CLANG_WARN_DEPRECATED_OBJC_IMPLEMENTATIONS = YES;
				CLANG_WARN_DIRECT_OBJC_ISA_USAGE = YES_ERROR;
				CLANG_WARN_DOCUMENTATION_COMMENTS = YES;
				CLANG_WARN_EMPTY_BODY = YES;
				CLANG_WARN_ENUM_CONVERSION = YES;
				CLANG_WARN_INFINITE_RECURSION = YES;
				CLANG_WARN_INT_CONVERSION = YES;
				CLANG_WARN_NON_LITERAL_NULL_CONVERSION = YES;
				CLANG_WARN_OBJC_IMPLICIT_RETAIN_SELF = YES;
				CLANG_WARN_OBJC_LITERAL_CONVERSION = YES;
				CLANG_WARN_OBJC_ROOT_CLASS = YES_ERROR;
				CLANG_WARN_QUOTED_INCLUDE_IN_FRAMEWORK_HEADER = YES;
				CLANG_WARN_RANGE_LOOP_ANALYSIS = YES;
				CLANG_WARN_STRICT_PROTOTYPES = YES;
				CLANG_WARN_SUSPICIOUS_MOVE = YES;
				CLANG_WARN_UNGUARDED_AVAILABILITY = YES_AGGRESSIVE;
				CLANG_WARN_UNREACHABLE_CODE = YES;
				CLANG_WARN__DUPLICATE_METHOD_MATCH = YES;
				COPY_PHASE_STRIP = NO;
				DEBUG_INFORMATION_FORMAT = dwarf;
				ENABLE_STRICT_OBJC_MSGSEND = YES;
				ENABLE_TESTABILITY = YES;
				GCC_C_LANGUAGE_STANDARD = gnu11;
				GCC_DYNAMIC_NO_PIC = NO;
				GCC_NO_COMMON_BLOCKS = YES;
				GCC_OPTIMIZATION_LEVEL = 0;
				GCC_PREPROCESSOR_DEFINITIONS = (
					"DEBUG=1",
					"$(inherited)",
				);
				GCC_WARN_64_TO_32_BIT_CONVERSION = YES;
				GCC_WARN_ABOUT_RETURN_TYPE = YES_ERROR;
				GCC_WARN_UNDECLARED_SELECTOR = YES;
				GCC_WARN_UNINITIALIZED_AUTOS = YES_AGGRESSIVE;
				GCC_WARN_UNUSED_FUNCTION = YES;
				GCC_WARN_UNUSED_VARIABLE = YES;
				IPHONEOS_DEPLOYMENT_TARGET = 14.4;
				MTL_ENABLE_DEBUG_INFO = INCLUDE_SOURCE;
				MTL_FAST_MATH = YES;
				ONLY_ACTIVE_ARCH = YES;
				SDKROOT = iphoneos;
				SWIFT_ACTIVE_COMPILATION_CONDITIONS = DEBUG;
				SWIFT_OPTIMIZATION_LEVEL = "-Onone";
			};
			name = Debug;
		};
		8AFE55CA25ECE556001941DD /* Release */ = {
			isa = XCBuildConfiguration;
			buildSettings = {
				ALWAYS_SEARCH_USER_PATHS = NO;
				CLANG_ANALYZER_NONNULL = YES;
				CLANG_ANALYZER_NUMBER_OBJECT_CONVERSION = YES_AGGRESSIVE;
				CLANG_CXX_LANGUAGE_STANDARD = "gnu++14";
				CLANG_CXX_LIBRARY = "libc++";
				CLANG_ENABLE_MODULES = YES;
				CLANG_ENABLE_OBJC_ARC = YES;
				CLANG_ENABLE_OBJC_WEAK = YES;
				CLANG_WARN_BLOCK_CAPTURE_AUTORELEASING = YES;
				CLANG_WARN_BOOL_CONVERSION = YES;
				CLANG_WARN_COMMA = YES;
				CLANG_WARN_CONSTANT_CONVERSION = YES;
				CLANG_WARN_DEPRECATED_OBJC_IMPLEMENTATIONS = YES;
				CLANG_WARN_DIRECT_OBJC_ISA_USAGE = YES_ERROR;
				CLANG_WARN_DOCUMENTATION_COMMENTS = YES;
				CLANG_WARN_EMPTY_BODY = YES;
				CLANG_WARN_ENUM_CONVERSION = YES;
				CLANG_WARN_INFINITE_RECURSION = YES;
				CLANG_WARN_INT_CONVERSION = YES;
				CLANG_WARN_NON_LITERAL_NULL_CONVERSION = YES;
				CLANG_WARN_OBJC_IMPLICIT_RETAIN_SELF = YES;
				CLANG_WARN_OBJC_LITERAL_CONVERSION = YES;
				CLANG_WARN_OBJC_ROOT_CLASS = YES_ERROR;
				CLANG_WARN_QUOTED_INCLUDE_IN_FRAMEWORK_HEADER = YES;
				CLANG_WARN_RANGE_LOOP_ANALYSIS = YES;
				CLANG_WARN_STRICT_PROTOTYPES = YES;
				CLANG_WARN_SUSPICIOUS_MOVE = YES;
				CLANG_WARN_UNGUARDED_AVAILABILITY = YES_AGGRESSIVE;
				CLANG_WARN_UNREACHABLE_CODE = YES;
				CLANG_WARN__DUPLICATE_METHOD_MATCH = YES;
				COPY_PHASE_STRIP = NO;
				DEBUG_INFORMATION_FORMAT = "dwarf-with-dsym";
				ENABLE_NS_ASSERTIONS = NO;
				ENABLE_STRICT_OBJC_MSGSEND = YES;
				GCC_C_LANGUAGE_STANDARD = gnu11;
				GCC_NO_COMMON_BLOCKS = YES;
				GCC_WARN_64_TO_32_BIT_CONVERSION = YES;
				GCC_WARN_ABOUT_RETURN_TYPE = YES_ERROR;
				GCC_WARN_UNDECLARED_SELECTOR = YES;
				GCC_WARN_UNINITIALIZED_AUTOS = YES_AGGRESSIVE;
				GCC_WARN_UNUSED_FUNCTION = YES;
				GCC_WARN_UNUSED_VARIABLE = YES;
				IPHONEOS_DEPLOYMENT_TARGET = 14.4;
				MTL_ENABLE_DEBUG_INFO = NO;
				MTL_FAST_MATH = YES;
				SDKROOT = iphoneos;
				SWIFT_COMPILATION_MODE = wholemodule;
				SWIFT_OPTIMIZATION_LEVEL = "-O";
				VALIDATE_PRODUCT = YES;
			};
			name = Release;
		};
		8AFE55CC25ECE556001941DD /* Debug */ = {
			isa = XCBuildConfiguration;
			baseConfigurationReference = 1EC744A4573744FE97464BB1 /* Pods-MediaMonks.debug.xcconfig */;
			buildSettings = {
				ASSETCATALOG_COMPILER_APPICON_NAME = AppIcon;
				ASSETCATALOG_COMPILER_GLOBAL_ACCENT_COLOR_NAME = AccentColor;
				CODE_SIGN_STYLE = Automatic;
				DEVELOPMENT_TEAM = D99Z26P27B;
				INFOPLIST_FILE = MediaMonks/Info.plist;
				LD_RUNPATH_SEARCH_PATHS = (
					"$(inherited)",
					"@executable_path/Frameworks",
				);
				PRODUCT_BUNDLE_IDENTIFIER = com.karimcordilia.MediaMonks;
				PRODUCT_NAME = "$(TARGET_NAME)";
				SWIFT_VERSION = 5.0;
				TARGETED_DEVICE_FAMILY = "1,2";
			};
			name = Debug;
		};
		8AFE55CD25ECE556001941DD /* Release */ = {
			isa = XCBuildConfiguration;
			baseConfigurationReference = BB2D6139798CBBC74CF28B20 /* Pods-MediaMonks.release.xcconfig */;
			buildSettings = {
				ASSETCATALOG_COMPILER_APPICON_NAME = AppIcon;
				ASSETCATALOG_COMPILER_GLOBAL_ACCENT_COLOR_NAME = AccentColor;
				CODE_SIGN_STYLE = Automatic;
				DEVELOPMENT_TEAM = D99Z26P27B;
				INFOPLIST_FILE = MediaMonks/Info.plist;
				LD_RUNPATH_SEARCH_PATHS = (
					"$(inherited)",
					"@executable_path/Frameworks",
				);
				PRODUCT_BUNDLE_IDENTIFIER = com.karimcordilia.MediaMonks;
				PRODUCT_NAME = "$(TARGET_NAME)";
				SWIFT_VERSION = 5.0;
				TARGETED_DEVICE_FAMILY = "1,2";
			};
			name = Release;
		};
/* End XCBuildConfiguration section */

/* Begin XCConfigurationList section */
		8AFE55B225ECE554001941DD /* Build configuration list for PBXProject "MediaMonks" */ = {
			isa = XCConfigurationList;
			buildConfigurations = (
				8AFE55C925ECE556001941DD /* Debug */,
				8AFE55CA25ECE556001941DD /* Release */,
			);
			defaultConfigurationIsVisible = 0;
			defaultConfigurationName = Release;
		};
		8AFE55CB25ECE556001941DD /* Build configuration list for PBXNativeTarget "MediaMonks" */ = {
			isa = XCConfigurationList;
			buildConfigurations = (
				8AFE55CC25ECE556001941DD /* Debug */,
				8AFE55CD25ECE556001941DD /* Release */,
			);
			defaultConfigurationIsVisible = 0;
			defaultConfigurationName = Release;
		};
/* End XCConfigurationList section */
	};
	rootObject = 8AFE55AF25ECE554001941DD /* Project object */;
}
